
Microsoft Visual Studio Solution File, Format Version 12.00
# Visual Studio 14
VisualStudioVersion = 14.0.25420.1
MinimumVisualStudioVersion = 10.0.40219.1
Project("{FAE04EC0-301F-11D3-BF4B-00C04F79EFBC}") = "HRApp", "HRApp\HRApp.csproj", "{CD0E4449-B5F1-40D4-A600-4CC0D5C3D014}"
EndProject
Project("{FAE04EC0-301F-11D3-BF4B-00C04F79EFBC}") = "HRAppTest", "HRAppTst\HRAppTest.csproj", "{A77AE35F-F47A-4892-8362-2CC8262053E2}"
EndProject
Global
	GlobalSection(SolutionConfigurationPlatforms) = preSolution
		Debug|Any CPU = Debug|Any CPU
		Release|Any CPU = Release|Any CPU
	EndGlobalSection
	GlobalSection(ProjectConfigurationPlatforms) = postSolution
		{CD0E4449-B5F1-40D4-A600-4CC0D5C3D014}.Debug|Any CPU.ActiveCfg = Debug|Any CPU
		{CD0E4449-B5F1-40D4-A600-4CC0D5C3D014}.Debug|Any CPU.Build.0 = Debug|Any CPU
		{CD0E4449-B5F1-40D4-A600-4CC0D5C3D014}.Release|Any CPU.ActiveCfg = Release|Any CPU
		{CD0E4449-B5F1-40D4-A600-4CC0D5C3D014}.Release|Any CPU.Build.0 = Release|Any CPU
		{A77AE35F-F47A-4892-8362-2CC8262053E2}.Debug|Any CPU.ActiveCfg = Debug|Any CPU
		{A77AE35F-F47A-4892-8362-2CC8262053E2}.Debug|Any CPU.Build.0 = Debug|Any CPU
		{A77AE35F-F47A-4892-8362-2CC8262053E2}.Release|Any CPU.ActiveCfg = Release|Any CPU
		{A77AE35F-F47A-4892-8362-2CC8262053E2}.Release|Any CPU.Build.0 = Release|Any CPU
	EndGlobalSection
	GlobalSection(SolutionProperties) = preSolution
		HideSolutionNode = FALSE
	EndGlobalSection
EndGlobal
